
Microsoft Visual Studio Solution File, Format Version 12.00
# Visual Studio Version 16
VisualStudioVersion = 16.0.29613.14
MinimumVisualStudioVersion = 10.0.40219.1
Project("{FAE04EC0-301F-11D3-BF4B-00C04F79EFBC}") = "Sol_Routing", "Sol_Routing\Sol_Routing.csproj", "{8E2FBA8A-4330-45A9-8F56-F4256AA141B0}"
EndProject
Global
	GlobalSection(SolutionConfigurationPlatforms) = preSolution
		Debug|Any CPU = Debug|Any CPU
		Release|Any CPU = Release|Any CPU
	EndGlobalSection
	GlobalSection(ProjectConfigurationPlatforms) = postSolution
		{8E2FBA8A-4330-45A9-8F56-F4256AA141B0}.Debug|Any CPU.ActiveCfg = Debug|Any CPU
		{8E2FBA8A-4330-45A9-8F56-F4256AA141B0}.Debug|Any CPU.Build.0 = Debug|Any CPU
		{8E2FBA8A-4330-45A9-8F56-F4256AA141B0}.Release|Any CPU.ActiveCfg = Release|Any CPU
		{8E2FBA8A-4330-45A9-8F56-F4256AA141B0}.Release|Any CPU.Build.0 = Release|Any CPU
	EndGlobalSection
	GlobalSection(SolutionProperties) = preSolution
		HideSolutionNode = FALSE
	EndGlobalSection
	GlobalSection(ExtensibilityGlobals) = postSolution
		SolutionGuid = {304BB944-275A-45CA-B95F-80C7E65BF9FA}
	EndGlobalSection
EndGlobal
